
Microsoft Visual Studio Solution File, Format Version 12.00
# Visual Studio Version 16
VisualStudioVersion = 16.0.32407.337
MinimumVisualStudioVersion = 10.0.40219.1
Project("{FAE04EC0-301F-11D3-BF4B-00C04F79EFBC}") = "Loop_Thompson_Lillian", "Loop_Thompson_Lillian\Loop_Thompson_Lillian.csproj", "{1673C1D5-1F9B-4405-A23B-F8045E5A2C6D}"
EndProject
Global
	GlobalSection(SolutionConfigurationPlatforms) = preSolution
		Debug|Any CPU = Debug|Any CPU
		Release|Any CPU = Release|Any CPU
	EndGlobalSection
	GlobalSection(ProjectConfigurationPlatforms) = postSolution
		{1673C1D5-1F9B-4405-A23B-F8045E5A2C6D}.Debug|Any CPU.ActiveCfg = Debug|Any CPU
		{1673C1D5-1F9B-4405-A23B-F8045E5A2C6D}.Debug|Any CPU.Build.0 = Debug|Any CPU
		{1673C1D5-1F9B-4405-A23B-F8045E5A2C6D}.Release|Any CPU.ActiveCfg = Release|Any CPU
		{1673C1D5-1F9B-4405-A23B-F8045E5A2C6D}.Release|Any CPU.Build.0 = Release|Any CPU
	EndGlobalSection
	GlobalSection(SolutionProperties) = preSolution
		HideSolutionNode = FALSE
	EndGlobalSection
	GlobalSection(ExtensibilityGlobals) = postSolution
		SolutionGuid = {D202DC7F-49BA-4255-B708-8BC95F5502AA}
	EndGlobalSection
EndGlobal
